# This file is automatically @generated by Cargo.
# It is not intended for manual editing.
version = 4

[[package]]
name = "gxhash"
version = "3.4.1"
source = "registry+https://github.com/rust-lang/crates.io-index"
checksum = "a197c9b654827513cf53842c5c6d3da2b4b35a785f8e0eff78bdf8e445aba1bb"
dependencies = [
 "rustversion",
]

[[package]]
name = "gxhash-test"
version = "0.1.0"
dependencies = [
 "gxhash",
]

[[package]]
name = "rustversion"
version = "1.0.19"
source = "registry+https://github.com/rust-lang/crates.io-index"
checksum = "f7c45b9784283f1b2e7fb61b42047c2fd678ef0960d4f6f1eba131594cc369d4"
